// !$*UTF8*$!
{
	archiveVersion = 1;
	classes = {
	};
	objectVersion = 46;
	objects = {

/* Begin PBXBuildFile section */
		CB40DECD1B2F4FBF0021644A /* AppDelegate.swift in Sources */ = {isa = PBXBuildFile; fileRef = CB40DECC1B2F4FBF0021644A /* AppDelegate.swift */; };
		CB40DED21B2F4FBF0021644A /* Main.storyboard in Resources */ = {isa = PBXBuildFile; fileRef = CB40DED01B2F4FBF0021644A /* Main.storyboard */; };
		CB40DED41B2F4FBF0021644A /* Images.xcassets in Resources */ = {isa = PBXBuildFile; fileRef = CB40DED31B2F4FBF0021644A /* Images.xcassets */; };
		CB40DED71B2F4FBF0021644A /* LaunchScreen.xib in Resources */ = {isa = PBXBuildFile; fileRef = CB40DED51B2F4FBF0021644A /* LaunchScreen.xib */; };
		CB40DEE31B2F4FBF0021644A /* MakeSoundsTests.swift in Sources */ = {isa = PBXBuildFile; fileRef = CB40DEE21B2F4FBF0021644A /* MakeSoundsTests.swift */; };
		CB40DEEF1B2F50720021644A /* AVFoundation.framework in Frameworks */ = {isa = PBXBuildFile; fileRef = CB40DEEE1B2F50720021644A /* AVFoundation.framework */; };
		CB40DEF11B2FA1990021644A /* RecordViewController.swift in Sources */ = {isa = PBXBuildFile; fileRef = CB40DEF01B2FA1990021644A /* RecordViewController.swift */; };
		CB40DEF31B2FAEA20021644A /* SoundsTableViewController.swift in Sources */ = {isa = PBXBuildFile; fileRef = CB40DEF21B2FAEA20021644A /* SoundsTableViewController.swift */; };
		CBAFC9621B31EA49004B55B7 /* Utility.swift in Sources */ = {isa = PBXBuildFile; fileRef = CBAFC9611B31EA49004B55B7 /* Utility.swift */; };
		CBD702B51B30C44000A39A14 /* PlayViewController.swift in Sources */ = {isa = PBXBuildFile; fileRef = CBD702B41B30C44000A39A14 /* PlayViewController.swift */; };
/* End PBXBuildFile section */

/* Begin PBXContainerItemProxy section */
		CB40DEDD1B2F4FBF0021644A /* PBXContainerItemProxy */ = {
			isa = PBXContainerItemProxy;
			containerPortal = CB40DEBF1B2F4FBE0021644A /* Project object */;
			proxyType = 1;
			remoteGlobalIDString = CB40DEC61B2F4FBF0021644A;
			remoteInfo = MakeSounds;
		};
/* End PBXContainerItemProxy section */

/* Begin PBXFileReference section */
		CB40DEC71B2F4FBF0021644A /* MakeSounds.app */ = {isa = PBXFileReference; explicitFileType = wrapper.application; includeInIndex = 0; path = MakeSounds.app; sourceTree = BUILT_PRODUCTS_DIR; };
		CB40DECB1B2F4FBF0021644A /* Info.plist */ = {isa = PBXFileReference; lastKnownFileType = text.plist.xml; path = Info.plist; sourceTree = "<group>"; };
		CB40DECC1B2F4FBF0021644A /* AppDelegate.swift */ = {isa = PBXFileReference; lastKnownFileType = sourcecode.swift; path = AppDelegate.swift; sourceTree = "<group>"; };
		CB40DED11B2F4FBF0021644A /* Base */ = {isa = PBXFileReference; lastKnownFileType = file.storyboard; name = Base; path = Base.lproj/Main.storyboard; sourceTree = "<group>"; };
		CB40DED31B2F4FBF0021644A /* Images.xcassets */ = {isa = PBXFileReference; lastKnownFileType = folder.assetcatalog; path = Images.xcassets; sourceTree = "<group>"; };
		CB40DED61B2F4FBF0021644A /* Base */ = {isa = PBXFileReference; lastKnownFileType = file.xib; name = Base; path = Base.lproj/LaunchScreen.xib; sourceTree = "<group>"; };
		CB40DEDC1B2F4FBF0021644A /* MakeSoundsTests.xctest */ = {isa = PBXFileReference; explicitFileType = wrapper.cfbundle; includeInIndex = 0; path = MakeSoundsTests.xctest; sourceTree = BUILT_PRODUCTS_DIR; };
		CB40DEE11B2F4FBF0021644A /* Info.plist */ = {isa = PBXFileReference; lastKnownFileType = text.plist.xml; path = Info.plist; sourceTree = "<group>"; };
		CB40DEE21B2F4FBF0021644A /* MakeSoundsTests.swift */ = {isa = PBXFileReference; lastKnownFileType = sourcecode.swift; path = MakeSoundsTests.swift; sourceTree = "<group>"; };
		CB40DEEE1B2F50720021644A /* AVFoundation.framework */ = {isa = PBXFileReference; lastKnownFileType = wrapper.framework; name = AVFoundation.framework; path = System/Library/Frameworks/AVFoundation.framework; sourceTree = SDKROOT; };
		CB40DEF01B2FA1990021644A /* RecordViewController.swift */ = {isa = PBXFileReference; fileEncoding = 4; lastKnownFileType = sourcecode.swift; path = RecordViewController.swift; sourceTree = "<group>"; };
		CB40DEF21B2FAEA20021644A /* SoundsTableViewController.swift */ = {isa = PBXFileReference; fileEncoding = 4; lastKnownFileType = sourcecode.swift; path = SoundsTableViewController.swift; sourceTree = "<group>"; };
		CBAFC9611B31EA49004B55B7 /* Utility.swift */ = {isa = PBXFileReference; fileEncoding = 4; lastKnownFileType = sourcecode.swift; path = Utility.swift; sourceTree = "<group>"; };
		CBD702B41B30C44000A39A14 /* PlayViewController.swift */ = {isa = PBXFileReference; fileEncoding = 4; lastKnownFileType = sourcecode.swift; path = PlayViewController.swift; sourceTree = "<group>"; };
/* End PBXFileReference section */

/* Begin PBXFrameworksBuildPhase section */
		CB40DEC41B2F4FBF0021644A /* Frameworks */ = {
			isa = PBXFrameworksBuildPhase;
			buildActionMask = 2147483647;
			files = (
				CB40DEEF1B2F50720021644A /* AVFoundation.framework in Frameworks */,
			);
			runOnlyForDeploymentPostprocessing = 0;
		};
		CB40DED91B2F4FBF0021644A /* Frameworks */ = {
			isa = PBXFrameworksBuildPhase;
			buildActionMask = 2147483647;
			files = (
			);
			runOnlyForDeploymentPostprocessing = 0;
		};
/* End PBXFrameworksBuildPhase section */

/* Begin PBXGroup section */
		CB40DEBE1B2F4FBE0021644A = {
			isa = PBXGroup;
			children = (
				CB40DEC91B2F4FBF0021644A /* MakeSounds */,
				CB40DEDF1B2F4FBF0021644A /* MakeSoundsTests */,
				CB40DEC81B2F4FBF0021644A /* Products */,
				CB40DEEE1B2F50720021644A /* AVFoundation.framework */,
			);
			sourceTree = "<group>";
		};
		CB40DEC81B2F4FBF0021644A /* Products */ = {
			isa = PBXGroup;
			children = (
				CB40DEC71B2F4FBF0021644A /* MakeSounds.app */,
				CB40DEDC1B2F4FBF0021644A /* MakeSoundsTests.xctest */,
			);
			name = Products;
			sourceTree = "<group>";
		};
		CB40DEC91B2F4FBF0021644A /* MakeSounds */ = {
			isa = PBXGroup;
			children = (
				CB40DECC1B2F4FBF0021644A /* AppDelegate.swift */,
				CB40DED01B2F4FBF0021644A /* Main.storyboard */,
				CB40DEF21B2FAEA20021644A /* SoundsTableViewController.swift */,
				CBD702B41B30C44000A39A14 /* PlayViewController.swift */,
				CB40DEF01B2FA1990021644A /* RecordViewController.swift */,
				CBAFC9611B31EA49004B55B7 /* Utility.swift */,
				CB40DED31B2F4FBF0021644A /* Images.xcassets */,
				CB40DED51B2F4FBF0021644A /* LaunchScreen.xib */,
				CB40DECA1B2F4FBF0021644A /* Supporting Files */,
			);
			path = MakeSounds;
			sourceTree = "<group>";
		};
		CB40DECA1B2F4FBF0021644A /* Supporting Files */ = {
			isa = PBXGroup;
			children = (
				CB40DECB1B2F4FBF0021644A /* Info.plist */,
			);
			name = "Supporting Files";
			sourceTree = "<group>";
		};
		CB40DEDF1B2F4FBF0021644A /* MakeSoundsTests */ = {
			isa = PBXGroup;
			children = (
				CB40DEE21B2F4FBF0021644A /* MakeSoundsTests.swift */,
				CB40DEE01B2F4FBF0021644A /* Supporting Files */,
			);
			path = MakeSoundsTests;
			sourceTree = "<group>";
		};
		CB40DEE01B2F4FBF0021644A /* Supporting Files */ = {
			isa = PBXGroup;
			children = (
				CB40DEE11B2F4FBF0021644A /* Info.plist */,
			);
			name = "Supporting Files";
			sourceTree = "<group>";
		};
/* End PBXGroup section */

/* Begin PBXNativeTarget section */
		CB40DEC61B2F4FBF0021644A /* MakeSounds */ = {
			isa = PBXNativeTarget;
			buildConfigurationList = CB40DEE61B2F4FBF0021644A /* Build configuration list for PBXNativeTarget "MakeSounds" */;
			buildPhases = (
				CB40DEC31B2F4FBF0021644A /* Sources */,
				CB40DEC41B2F4FBF0021644A /* Frameworks */,
				CB40DEC51B2F4FBF0021644A /* Resources */,
			);
			buildRules = (
			);
			dependencies = (
			);
			name = MakeSounds;
			productName = MakeSounds;
			productReference = CB40DEC71B2F4FBF0021644A /* MakeSounds.app */;
			productType = "com.apple.product-type.application";
		};
		CB40DEDB1B2F4FBF0021644A /* MakeSoundsTests */ = {
			isa = PBXNativeTarget;
			buildConfigurationList = CB40DEE91B2F4FBF0021644A /* Build configuration list for PBXNativeTarget "MakeSoundsTests" */;
			buildPhases = (
				CB40DED81B2F4FBF0021644A /* Sources */,
				CB40DED91B2F4FBF0021644A /* Frameworks */,
				CB40DEDA1B2F4FBF0021644A /* Resources */,
			);
			buildRules = (
			);
			dependencies = (
				CB40DEDE1B2F4FBF0021644A /* PBXTargetDependency */,
			);
			name = MakeSoundsTests;
			productName = MakeSoundsTests;
			productReference = CB40DEDC1B2F4FBF0021644A /* MakeSoundsTests.xctest */;
			productType = "com.apple.product-type.bundle.unit-test";
		};
/* End PBXNativeTarget section */

/* Begin PBXProject section */
		CB40DEBF1B2F4FBE0021644A /* Project object */ = {
			isa = PBXProject;
			attributes = {
				LastUpgradeCheck = 0630;
				ORGANIZATIONNAME = DevHut;
				TargetAttributes = {
					CB40DEC61B2F4FBF0021644A = {
						CreatedOnToolsVersion = 6.3.2;
					};
					CB40DEDB1B2F4FBF0021644A = {
						CreatedOnToolsVersion = 6.3.2;
						TestTargetID = CB40DEC61B2F4FBF0021644A;
					};
				};
			};
			buildConfigurationList = CB40DEC21B2F4FBE0021644A /* Build configuration list for PBXProject "MakeSounds" */;
			compatibilityVersion = "Xcode 3.2";
			developmentRegion = English;
			hasScannedForEncodings = 0;
			knownRegions = (
				en,
				Base,
			);
			mainGroup = CB40DEBE1B2F4FBE0021644A;
			productRefGroup = CB40DEC81B2F4FBF0021644A /* Products */;
			projectDirPath = "";
			projectRoot = "";
			targets = (
				CB40DEC61B2F4FBF0021644A /* MakeSounds */,
				CB40DEDB1B2F4FBF0021644A /* MakeSoundsTests */,
			);
		};
/* End PBXProject section */

/* Begin PBXResourcesBuildPhase section */
		CB40DEC51B2F4FBF0021644A /* Resources */ = {
			isa = PBXResourcesBuildPhase;
			buildActionMask = 2147483647;
			files = (
				CB40DED21B2F4FBF0021644A /* Main.storyboard in Resources */,
				CB40DED71B2F4FBF0021644A /* LaunchScreen.xib in Resources */,
				CB40DED41B2F4FBF0021644A /* Images.xcassets in Resources */,
			);
			runOnlyForDeploymentPostprocessing = 0;
		};
		CB40DEDA1B2F4FBF0021644A /* Resources */ = {
			isa = PBXResourcesBuildPhase;
			buildActionMask = 2147483647;
			files = (
			);
			runOnlyForDeploymentPostprocessing = 0;
		};
/* End PBXResourcesBuildPhase section */

/* Begin PBXSourcesBuildPhase section */
		CB40DEC31B2F4FBF0021644A /* Sources */ = {
			isa = PBXSourcesBuildPhase;
			buildActionMask = 2147483647;
			files = (
				CBAFC9621B31EA49004B55B7 /* Utility.swift in Sources */,
				CB40DEF11B2FA1990021644A /* RecordViewController.swift in Sources */,
				CBD702B51B30C44000A39A14 /* PlayViewController.swift in Sources */,
				CB40DEF31B2FAEA20021644A /* SoundsTableViewController.swift in Sources */,
				CB40DECD1B2F4FBF0021644A /* AppDelegate.swift in Sources */,
			);
			runOnlyForDeploymentPostprocessing = 0;
		};
		CB40DED81B2F4FBF0021644A /* Sources */ = {
			isa = PBXSourcesBuildPhase;
			buildActionMask = 2147483647;
			files = (
				CB40DEE31B2F4FBF0021644A /* MakeSoundsTests.swift in Sources */,
			);
			runOnlyForDeploymentPostprocessing = 0;
		};
/* End PBXSourcesBuildPhase section */

/* Begin PBXTargetDependency section */
		CB40DEDE1B2F4FBF0021644A /* PBXTargetDependency */ = {
			isa = PBXTargetDependency;
			target = CB40DEC61B2F4FBF0021644A /* MakeSounds */;
			targetProxy = CB40DEDD1B2F4FBF0021644A /* PBXContainerItemProxy */;
		};
/* End PBXTargetDependency section */

/* Begin PBXVariantGroup section */
		CB40DED01B2F4FBF0021644A /* Main.storyboard */ = {
			isa = PBXVariantGroup;
			children = (
				CB40DED11B2F4FBF0021644A /* Base */,
			);
			name = Main.storyboard;
			sourceTree = "<group>";
		};
		CB40DED51B2F4FBF0021644A /* LaunchScreen.xib */ = {
			isa = PBXVariantGroup;
			children = (
				CB40DED61B2F4FBF0021644A /* Base */,
			);
			name = LaunchScreen.xib;
			sourceTree = "<group>";
		};
/* End PBXVariantGroup section */

/* Begin XCBuildConfiguration section */
		CB40DEE41B2F4FBF0021644A /* Debug */ = {
			isa = XCBuildConfiguration;
			buildSettings = {
				ALWAYS_SEARCH_USER_PATHS = NO;
				CLANG_CXX_LANGUAGE_STANDARD = "gnu++0x";
				CLANG_CXX_LIBRARY = "libc++";
				CLANG_ENABLE_MODULES = YES;
				CLANG_ENABLE_OBJC_ARC = YES;
				CLANG_WARN_BOOL_CONVERSION = YES;
				CLANG_WARN_CONSTANT_CONVERSION = YES;
				CLANG_WARN_DIRECT_OBJC_ISA_USAGE = YES_ERROR;
				CLANG_WARN_EMPTY_BODY = YES;
				CLANG_WARN_ENUM_CONVERSION = YES;
				CLANG_WARN_INT_CONVERSION = YES;
				CLANG_WARN_OBJC_ROOT_CLASS = YES_ERROR;
				CLANG_WARN_UNREACHABLE_CODE = YES;
				CLANG_WARN__DUPLICATE_METHOD_MATCH = YES;
				"CODE_SIGN_IDENTITY[sdk=iphoneos*]" = "iPhone Developer";
				COPY_PHASE_STRIP = NO;
				DEBUG_INFORMATION_FORMAT = "dwarf-with-dsym";
				ENABLE_STRICT_OBJC_MSGSEND = YES;
				GCC_C_LANGUAGE_STANDARD = gnu99;
				GCC_DYNAMIC_NO_PIC = NO;
				GCC_NO_COMMON_BLOCKS = YES;
				GCC_OPTIMIZATION_LEVEL = 0;
				GCC_PREPROCESSOR_DEFINITIONS = (
					"DEBUG=1",
					"$(inherited)",
				);
				GCC_SYMBOLS_PRIVATE_EXTERN = NO;
				GCC_WARN_64_TO_32_BIT_CONVERSION = YES;
				GCC_WARN_ABOUT_RETURN_TYPE = YES_ERROR;
				GCC_WARN_UNDECLARED_SELECTOR = YES;
				GCC_WARN_UNINITIALIZED_AUTOS = YES_AGGRESSIVE;
				GCC_WARN_UNUSED_FUNCTION = YES;
				GCC_WARN_UNUSED_VARIABLE = YES;
				IPHONEOS_DEPLOYMENT_TARGET = 8.3;
				MTL_ENABLE_DEBUG_INFO = YES;
				ONLY_ACTIVE_ARCH = YES;
				SDKROOT = iphoneos;
				SWIFT_OPTIMIZATION_LEVEL = "-Onone";
				TARGETED_DEVICE_FAMILY = "1,2";
			};
			name = Debug;
		};
		CB40DEE51B2F4FBF0021644A /* Release */ = {
			isa = XCBuildConfiguration;
			buildSettings = {
				ALWAYS_SEARCH_USER_PATHS = NO;
				CLANG_CXX_LANGUAGE_STANDARD = "gnu++0x";
				CLANG_CXX_LIBRARY = "libc++";
				CLANG_ENABLE_MODULES = YES;
				CLANG_ENABLE_OBJC_ARC = YES;
				CLANG_WARN_BOOL_CONVERSION = YES;
				CLANG_WARN_CONSTANT_CONVERSION = YES;
				CLANG_WARN_DIRECT_OBJC_ISA_USAGE = YES_ERROR;
				CLANG_WARN_EMPTY_BODY = YES;
				CLANG_WARN_ENUM_CONVERSION = YES;
				CLANG_WARN_INT_CONVERSION = YES;
				CLANG_WARN_OBJC_ROOT_CLASS = YES_ERROR;
				CLANG_WARN_UNREACHABLE_CODE = YES;
				CLANG_WARN__DUPLICATE_METHOD_MATCH = YES;
				"CODE_SIGN_IDENTITY[sdk=iphoneos*]" = "iPhone Developer";
				COPY_PHASE_STRIP = NO;
				DEBUG_INFORMATION_FORMAT = "dwarf-with-dsym";
				ENABLE_NS_ASSERTIONS = NO;
				ENABLE_STRICT_OBJC_MSGSEND = YES;
				GCC_C_LANGUAGE_STANDARD = gnu99;
				GCC_NO_COMMON_BLOCKS = YES;
				GCC_WARN_64_TO_32_BIT_CONVERSION = YES;
				GCC_WARN_ABOUT_RETURN_TYPE = YES_ERROR;
				GCC_WARN_UNDECLARED_SELECTOR = YES;
				GCC_WARN_UNINITIALIZED_AUTOS = YES_AGGRESSIVE;
				GCC_WARN_UNUSED_FUNCTION = YES;
				GCC_WARN_UNUSED_VARIABLE = YES;
				IPHONEOS_DEPLOYMENT_TARGET = 8.3;
				MTL_ENABLE_DEBUG_INFO = NO;
				SDKROOT = iphoneos;
				TARGETED_DEVICE_FAMILY = "1,2";
				VALIDATE_PRODUCT = YES;
			};
			name = Release;
		};
		CB40DEE71B2F4FBF0021644A /* Debug */ = {
			isa = XCBuildConfiguration;
			buildSettings = {
				ASSETCATALOG_COMPILER_APPICON_NAME = AppIcon;
				INFOPLIST_FILE = MakeSounds/Info.plist;
				LD_RUNPATH_SEARCH_PATHS = "$(inherited) @executable_path/Frameworks";
				PRODUCT_NAME = "$(TARGET_NAME)";
			};
			name = Debug;
		};
		CB40DEE81B2F4FBF0021644A /* Release */ = {
			isa = XCBuildConfiguration;
			buildSettings = {
				ASSETCATALOG_COMPILER_APPICON_NAME = AppIcon;
				INFOPLIST_FILE = MakeSounds/Info.plist;
				LD_RUNPATH_SEARCH_PATHS = "$(inherited) @executable_path/Frameworks";
				PRODUCT_NAME = "$(TARGET_NAME)";
			};
			name = Release;
		};
		CB40DEEA1B2F4FBF0021644A /* Debug */ = {
			isa = XCBuildConfiguration;
			buildSettings = {
				BUNDLE_LOADER = "$(TEST_HOST)";
				FRAMEWORK_SEARCH_PATHS = (
					"$(SDKROOT)/Developer/Library/Frameworks",
					"$(inherited)",
				);
				GCC_PREPROCESSOR_DEFINITIONS = (
					"DEBUG=1",
					"$(inherited)",
				);
				INFOPLIST_FILE = MakeSoundsTests/Info.plist;
				LD_RUNPATH_SEARCH_PATHS = "$(inherited) @executable_path/Frameworks @loader_path/Frameworks";
				PRODUCT_NAME = "$(TARGET_NAME)";
				TEST_HOST = "$(BUILT_PRODUCTS_DIR)/MakeSounds.app/MakeSounds";
			};
			name = Debug;
		};
		CB40DEEB1B2F4FBF0021644A /* Release */ = {
			isa = XCBuildConfiguration;
			buildSettings = {
				BUNDLE_LOADER = "$(TEST_HOST)";
				FRAMEWORK_SEARCH_PATHS = (
					"$(SDKROOT)/Developer/Library/Frameworks",
					"$(inherited)",
				);
				INFOPLIST_FILE = MakeSoundsTests/Info.plist;
				LD_RUNPATH_SEARCH_PATHS = "$(inherited) @executable_path/Frameworks @loader_path/Frameworks";
				PRODUCT_NAME = "$(TARGET_NAME)";
				TEST_HOST = "$(BUILT_PRODUCTS_DIR)/MakeSounds.app/MakeSounds";
			};
			name = Release;
		};
/* End XCBuildConfiguration section */

/* Begin XCConfigurationList section */
		CB40DEC21B2F4FBE0021644A /* Build configuration list for PBXProject "MakeSounds" */ = {
			isa = XCConfigurationList;
			buildConfigurations = (
				CB40DEE41B2F4FBF0021644A /* Debug */,
				CB40DEE51B2F4FBF0021644A /* Release */,
			);
			defaultConfigurationIsVisible = 0;
			defaultConfigurationName = Release;
		};
		CB40DEE61B2F4FBF0021644A /* Build configuration list for PBXNativeTarget "MakeSounds" */ = {
			isa = XCConfigurationList;
			buildConfigurations = (
				CB40DEE71B2F4FBF0021644A /* Debug */,
				CB40DEE81B2F4FBF0021644A /* Release */,
			);
			defaultConfigurationIsVisible = 0;
			defaultConfigurationName = Release;
		};
		CB40DEE91B2F4FBF0021644A /* Build configuration list for PBXNativeTarget "MakeSoundsTests" */ = {
			isa = XCConfigurationList;
			buildConfigurations = (
				CB40DEEA1B2F4FBF0021644A /* Debug */,
				CB40DEEB1B2F4FBF0021644A /* Release */,
			);
			defaultConfigurationIsVisible = 0;
			defaultConfigurationName = Release;
		};
/* End XCConfigurationList section */
	};
	rootObject = CB40DEBF1B2F4FBE0021644A /* Project object */;
}
